{
  "name": "@vltrn/ois",
  "version": "1.0.0",
  "lockfileVersion": 3,
  "requires": true,
  "packages": {
    "": {
      "name": "@vltrn/ois",
      "version": "1.0.0",
      "hasInstallScript": true,
      "license": "ISC",
      "bin": {
        "ois": "bin/ois"
      },
      "engines": {
        "node": ">=18.0.0"
      }
    }
  }
}
